
Microsoft Visual Studio Solution File, Format Version 12.00
# Visual Studio Version 17
VisualStudioVersion = 17.0.32112.339
MinimumVisualStudioVersion = 10.0.40219.1
Project("{9A19103F-16F7-4668-BE54-9A1E7A4F7556}") = "Core.Api", "Core.Api\Core.Api.csproj", "{A0294BB5-B021-470C-8F93-B71AA3EF02CE}"
EndProject
Project("{9A19103F-16F7-4668-BE54-9A1E7A4F7556}") = "Core.Domain", "Core.Domain\Core.Domain.csproj", "{ECDF04B7-4789-4911-9491-033372D4CDB6}"
EndProject
Project("{9A19103F-16F7-4668-BE54-9A1E7A4F7556}") = "Core.Infrastructure", "Core.Infrastructure\Core.Infrastructure.csproj", "{93410904-9E3A-4D50-B914-711CAAA6B4F8}"
EndProject
Project("{9A19103F-16F7-4668-BE54-9A1E7A4F7556}") = "Core.Tests", "Core.Tests\Core.Tests.csproj", "{F0EE4234-6B76-4D6B-9BE9-13476F9245DD}"
EndProject
Project("{2150E333-8FDC-42A3-9474-1A3956D46DE8}") = "Solution Items", "Solution Items", "{6F7DF5CF-DDAF-47FA-9DAE-A46B7C096502}"
	ProjectSection(SolutionItems) = preProject
		.editorconfig = .editorconfig
	EndProjectSection
EndProject
Project("{9A19103F-16F7-4668-BE54-9A1E7A4F7556}") = "Core.SDK", "Core.SDK\Core.SDK.csproj", "{43466920-02C1-491A-9D70-5B8B1D9156CF}"
EndProject
Project("{9A19103F-16F7-4668-BE54-9A1E7A4F7556}") = "Core.Api.Models", "Core.Api.Models\Core.Api.Models.csproj", "{9E116B66-BC7E-4800-A5E1-0D324B9F9F59}"
EndProject
Global
	GlobalSection(SolutionConfigurationPlatforms) = preSolution
		Debug|Any CPU = Debug|Any CPU
		Debug|x64 = Debug|x64
		Release|Any CPU = Release|Any CPU
		Release|x64 = Release|x64
	EndGlobalSection
	GlobalSection(ProjectConfigurationPlatforms) = postSolution
		{A0294BB5-B021-470C-8F93-B71AA3EF02CE}.Debug|Any CPU.ActiveCfg = Debug|Any CPU
		{A0294BB5-B021-470C-8F93-B71AA3EF02CE}.Debug|Any CPU.Build.0 = Debug|Any CPU
		{A0294BB5-B021-470C-8F93-B71AA3EF02CE}.Debug|x64.ActiveCfg = Debug|x64
		{A0294BB5-B021-470C-8F93-B71AA3EF02CE}.Debug|x64.Build.0 = Debug|x64
		{A0294BB5-B021-470C-8F93-B71AA3EF02CE}.Release|Any CPU.ActiveCfg = Release|Any CPU
		{A0294BB5-B021-470C-8F93-B71AA3EF02CE}.Release|Any CPU.Build.0 = Release|Any CPU
		{A0294BB5-B021-470C-8F93-B71AA3EF02CE}.Release|x64.ActiveCfg = Release|x64
		{A0294BB5-B021-470C-8F93-B71AA3EF02CE}.Release|x64.Build.0 = Release|x64
		{ECDF04B7-4789-4911-9491-033372D4CDB6}.Debug|Any CPU.ActiveCfg = Debug|Any CPU
		{ECDF04B7-4789-4911-9491-033372D4CDB6}.Debug|Any CPU.Build.0 = Debug|Any CPU
		{ECDF04B7-4789-4911-9491-033372D4CDB6}.Debug|x64.ActiveCfg = Debug|x64
		{ECDF04B7-4789-4911-9491-033372D4CDB6}.Debug|x64.Build.0 = Debug|x64
		{ECDF04B7-4789-4911-9491-033372D4CDB6}.Release|Any CPU.ActiveCfg = Release|Any CPU
		{ECDF04B7-4789-4911-9491-033372D4CDB6}.Release|Any CPU.Build.0 = Release|Any CPU
		{ECDF04B7-4789-4911-9491-033372D4CDB6}.Release|x64.ActiveCfg = Release|x64
		{ECDF04B7-4789-4911-9491-033372D4CDB6}.Release|x64.Build.0 = Release|x64
		{93410904-9E3A-4D50-B914-711CAAA6B4F8}.Debug|Any CPU.ActiveCfg = Debug|Any CPU
		{93410904-9E3A-4D50-B914-711CAAA6B4F8}.Debug|Any CPU.Build.0 = Debug|Any CPU
		{93410904-9E3A-4D50-B914-711CAAA6B4F8}.Debug|x64.ActiveCfg = Debug|x64
		{93410904-9E3A-4D50-B914-711CAAA6B4F8}.Debug|x64.Build.0 = Debug|x64
		{93410904-9E3A-4D50-B914-711CAAA6B4F8}.Release|Any CPU.ActiveCfg = Release|Any CPU
		{93410904-9E3A-4D50-B914-711CAAA6B4F8}.Release|Any CPU.Build.0 = Release|Any CPU
		{93410904-9E3A-4D50-B914-711CAAA6B4F8}.Release|x64.ActiveCfg = Release|x64
		{93410904-9E3A-4D50-B914-711CAAA6B4F8}.Release|x64.Build.0 = Release|x64
		{F0EE4234-6B76-4D6B-9BE9-13476F9245DD}.Debug|Any CPU.ActiveCfg = Debug|Any CPU
		{F0EE4234-6B76-4D6B-9BE9-13476F9245DD}.Debug|Any CPU.Build.0 = Debug|Any CPU
		{F0EE4234-6B76-4D6B-9BE9-13476F9245DD}.Debug|x64.ActiveCfg = Debug|x64
		{F0EE4234-6B76-4D6B-9BE9-13476F9245DD}.Debug|x64.Build.0 = Debug|x64
		{F0EE4234-6B76-4D6B-9BE9-13476F9245DD}.Release|Any CPU.ActiveCfg = Release|Any CPU
		{F0EE4234-6B76-4D6B-9BE9-13476F9245DD}.Release|Any CPU.Build.0 = Release|Any CPU
		{F0EE4234-6B76-4D6B-9BE9-13476F9245DD}.Release|x64.ActiveCfg = Release|x64
		{F0EE4234-6B76-4D6B-9BE9-13476F9245DD}.Release|x64.Build.0 = Release|x64
		{43466920-02C1-491A-9D70-5B8B1D9156CF}.Debug|Any CPU.ActiveCfg = Debug|Any CPU
		{43466920-02C1-491A-9D70-5B8B1D9156CF}.Debug|Any CPU.Build.0 = Debug|Any CPU
		{43466920-02C1-491A-9D70-5B8B1D9156CF}.Debug|x64.ActiveCfg = Debug|x64
		{43466920-02C1-491A-9D70-5B8B1D9156CF}.Debug|x64.Build.0 = Debug|x64
		{43466920-02C1-491A-9D70-5B8B1D9156CF}.Release|Any CPU.ActiveCfg = Release|Any CPU
		{43466920-02C1-491A-9D70-5B8B1D9156CF}.Release|Any CPU.Build.0 = Release|Any CPU
		{43466920-02C1-491A-9D70-5B8B1D9156CF}.Release|x64.ActiveCfg = Release|x64
		{43466920-02C1-491A-9D70-5B8B1D9156CF}.Release|x64.Build.0 = Release|x64
		{9E116B66-BC7E-4800-A5E1-0D324B9F9F59}.Debug|Any CPU.ActiveCfg = Debug|Any CPU
		{9E116B66-BC7E-4800-A5E1-0D324B9F9F59}.Debug|Any CPU.Build.0 = Debug|Any CPU
		{9E116B66-BC7E-4800-A5E1-0D324B9F9F59}.Debug|x64.ActiveCfg = Debug|x64
		{9E116B66-BC7E-4800-A5E1-0D324B9F9F59}.Debug|x64.Build.0 = Debug|x64
		{9E116B66-BC7E-4800-A5E1-0D324B9F9F59}.Release|Any CPU.ActiveCfg = Release|Any CPU
		{9E116B66-BC7E-4800-A5E1-0D324B9F9F59}.Release|Any CPU.Build.0 = Release|Any CPU
		{9E116B66-BC7E-4800-A5E1-0D324B9F9F59}.Release|x64.ActiveCfg = Release|x64
		{9E116B66-BC7E-4800-A5E1-0D324B9F9F59}.Release|x64.Build.0 = Release|x64
	EndGlobalSection
	GlobalSection(SolutionProperties) = preSolution
		HideSolutionNode = FALSE
	EndGlobalSection
	GlobalSection(ExtensibilityGlobals) = postSolution
		SolutionGuid = {7F9F085D-0BDA-4C67-B1CB-10534EDA674E}
	EndGlobalSection
EndGlobal
